// !$*UTF8*$!
{
	archiveVersion = 1;
	classes = {
	};
	objectVersion = 50;
	objects = {

/* Begin PBXBuildFile section */
		71A5BCC823305D7800BD0CCA /* main.swift in Sources */ = {isa = PBXBuildFile; fileRef = 71A5BCC723305D7800BD0CCA /* main.swift */; };
		71A5BCD123305E5A00BD0CCA /* GCD.swift in Sources */ = {isa = PBXBuildFile; fileRef = 71A5BCD023305E5A00BD0CCA /* GCD.swift */; };
		71A5BCD323305E7B00BD0CCA /* Operation.swift in Sources */ = {isa = PBXBuildFile; fileRef = 71A5BCD223305E7B00BD0CCA /* Operation.swift */; };
		71A5BCD62330714600BD0CCA /* NetworkUtility.swift in Sources */ = {isa = PBXBuildFile; fileRef = 71A5BCD52330714600BD0CCA /* NetworkUtility.swift */; };
		71C85AC62332098800912D83 /* Queue.swift in Sources */ = {isa = PBXBuildFile; fileRef = 71C85AC52332098800912D83 /* Queue.swift */; };
/* End PBXBuildFile section */

/* Begin PBXCopyFilesBuildPhase section */
		71A5BCC223305D7800BD0CCA /* CopyFiles */ = {
			isa = PBXCopyFilesBuildPhase;
			buildActionMask = 2147483647;
			dstPath = /usr/share/man/man1/;
			dstSubfolderSpec = 0;
			files = (
			);
			runOnlyForDeploymentPostprocessing = 1;
		};
/* End PBXCopyFilesBuildPhase section */

/* Begin PBXFileReference section */
		71A5BCC423305D7800BD0CCA /* MultiThread */ = {isa = PBXFileReference; explicitFileType = "compiled.mach-o.executable"; includeInIndex = 0; path = MultiThread; sourceTree = BUILT_PRODUCTS_DIR; };
		71A5BCC723305D7800BD0CCA /* main.swift */ = {isa = PBXFileReference; lastKnownFileType = sourcecode.swift; path = main.swift; sourceTree = "<group>"; };
		71A5BCD023305E5A00BD0CCA /* GCD.swift */ = {isa = PBXFileReference; lastKnownFileType = sourcecode.swift; path = GCD.swift; sourceTree = "<group>"; };
		71A5BCD223305E7B00BD0CCA /* Operation.swift */ = {isa = PBXFileReference; lastKnownFileType = sourcecode.swift; path = Operation.swift; sourceTree = "<group>"; };
		71A5BCD52330714600BD0CCA /* NetworkUtility.swift */ = {isa = PBXFileReference; lastKnownFileType = sourcecode.swift; path = NetworkUtility.swift; sourceTree = "<group>"; };
		71C85AC52332098800912D83 /* Queue.swift */ = {isa = PBXFileReference; lastKnownFileType = sourcecode.swift; path = Queue.swift; sourceTree = "<group>"; };
/* End PBXFileReference section */

/* Begin PBXFrameworksBuildPhase section */
		71A5BCC123305D7800BD0CCA /* Frameworks */ = {
			isa = PBXFrameworksBuildPhase;
			buildActionMask = 2147483647;
			files = (
			);
			runOnlyForDeploymentPostprocessing = 0;
		};
/* End PBXFrameworksBuildPhase section */

/* Begin PBXGroup section */
		71A5BCBB23305D7800BD0CCA = {
			isa = PBXGroup;
			children = (
				71A5BCC623305D7800BD0CCA /* MultiThread */,
				71A5BCC523305D7800BD0CCA /* Products */,
			);
			sourceTree = "<group>";
		};
		71A5BCC523305D7800BD0CCA /* Products */ = {
			isa = PBXGroup;
			children = (
				71A5BCC423305D7800BD0CCA /* MultiThread */,
			);
			name = Products;
			sourceTree = "<group>";
		};
		71A5BCC623305D7800BD0CCA /* MultiThread */ = {
			isa = PBXGroup;
			children = (
				71A5BCC723305D7800BD0CCA /* main.swift */,
				71A5BCCE23305E0700BD0CCA /* GCD */,
				71A5BCCF23305E1100BD0CCA /* Operation */,
				71A5BCD42330711D00BD0CCA /* Utility */,
			);
			path = MultiThread;
			sourceTree = "<group>";
		};
		71A5BCCE23305E0700BD0CCA /* GCD */ = {
			isa = PBXGroup;
			children = (
				71A5BCD023305E5A00BD0CCA /* GCD.swift */,
			);
			path = GCD;
			sourceTree = "<group>";
		};
		71A5BCCF23305E1100BD0CCA /* Operation */ = {
			isa = PBXGroup;
			children = (
				71A5BCD223305E7B00BD0CCA /* Operation.swift */,
				71C85AC52332098800912D83 /* Queue.swift */,
			);
			path = Operation;
			sourceTree = "<group>";
		};
		71A5BCD42330711D00BD0CCA /* Utility */ = {
			isa = PBXGroup;
			children = (
				71A5BCD52330714600BD0CCA /* NetworkUtility.swift */,
			);
			path = Utility;
			sourceTree = "<group>";
		};
/* End PBXGroup section */

/* Begin PBXNativeTarget section */
		71A5BCC323305D7800BD0CCA /* MultiThread */ = {
			isa = PBXNativeTarget;
			buildConfigurationList = 71A5BCCB23305D7800BD0CCA /* Build configuration list for PBXNativeTarget "MultiThread" */;
			buildPhases = (
				71A5BCC023305D7800BD0CCA /* Sources */,
				71A5BCC123305D7800BD0CCA /* Frameworks */,
				71A5BCC223305D7800BD0CCA /* CopyFiles */,
			);
			buildRules = (
			);
			dependencies = (
			);
			name = MultiThread;
			productName = MultiThread;
			productReference = 71A5BCC423305D7800BD0CCA /* MultiThread */;
			productType = "com.apple.product-type.tool";
		};
/* End PBXNativeTarget section */

/* Begin PBXProject section */
		71A5BCBC23305D7800BD0CCA /* Project object */ = {
			isa = PBXProject;
			attributes = {
				LastSwiftUpdateCheck = 1030;
				LastUpgradeCheck = 1030;
				ORGANIZATIONNAME = TTDP;
				TargetAttributes = {
					71A5BCC323305D7800BD0CCA = {
						CreatedOnToolsVersion = 10.3;
					};
				};
			};
			buildConfigurationList = 71A5BCBF23305D7800BD0CCA /* Build configuration list for PBXProject "MultiThread" */;
			compatibilityVersion = "Xcode 9.3";
			developmentRegion = en;
			hasScannedForEncodings = 0;
			knownRegions = (
				en,
			);
			mainGroup = 71A5BCBB23305D7800BD0CCA;
			productRefGroup = 71A5BCC523305D7800BD0CCA /* Products */;
			projectDirPath = "";
			projectRoot = "";
			targets = (
				71A5BCC323305D7800BD0CCA /* MultiThread */,
			);
		};
/* End PBXProject section */

/* Begin PBXSourcesBuildPhase section */
		71A5BCC023305D7800BD0CCA /* Sources */ = {
			isa = PBXSourcesBuildPhase;
			buildActionMask = 2147483647;
			files = (
				71C85AC62332098800912D83 /* Queue.swift in Sources */,
				71A5BCD123305E5A00BD0CCA /* GCD.swift in Sources */,
				71A5BCD62330714600BD0CCA /* NetworkUtility.swift in Sources */,
				71A5BCC823305D7800BD0CCA /* main.swift in Sources */,
				71A5BCD323305E7B00BD0CCA /* Operation.swift in Sources */,
			);
			runOnlyForDeploymentPostprocessing = 0;
		};
/* End PBXSourcesBuildPhase section */

/* Begin XCBuildConfiguration section */
		71A5BCC923305D7800BD0CCA /* Debug */ = {
			isa = XCBuildConfiguration;
			buildSettings = {
				ALWAYS_SEARCH_USER_PATHS = NO;
				CLANG_ANALYZER_NONNULL = YES;
				CLANG_ANALYZER_NUMBER_OBJECT_CONVERSION = YES_AGGRESSIVE;
				CLANG_CXX_LANGUAGE_STANDARD = "gnu++14";
				CLANG_CXX_LIBRARY = "libc++";
				CLANG_ENABLE_MODULES = YES;
				CLANG_ENABLE_OBJC_ARC = YES;
				CLANG_ENABLE_OBJC_WEAK = YES;
				CLANG_WARN_BLOCK_CAPTURE_AUTORELEASING = YES;
				CLANG_WARN_BOOL_CONVERSION = YES;
				CLANG_WARN_COMMA = YES;
				CLANG_WARN_CONSTANT_CONVERSION = YES;
				CLANG_WARN_DEPRECATED_OBJC_IMPLEMENTATIONS = YES;
				CLANG_WARN_DIRECT_OBJC_ISA_USAGE = YES_ERROR;
				CLANG_WARN_DOCUMENTATION_COMMENTS = YES;
				CLANG_WARN_EMPTY_BODY = YES;
				CLANG_WARN_ENUM_CONVERSION = YES;
				CLANG_WARN_INFINITE_RECURSION = YES;
				CLANG_WARN_INT_CONVERSION = YES;
				CLANG_WARN_NON_LITERAL_NULL_CONVERSION = YES;
				CLANG_WARN_OBJC_IMPLICIT_RETAIN_SELF = YES;
				CLANG_WARN_OBJC_LITERAL_CONVERSION = YES;
				CLANG_WARN_OBJC_ROOT_CLASS = YES_ERROR;
				CLANG_WARN_RANGE_LOOP_ANALYSIS = YES;
				CLANG_WARN_STRICT_PROTOTYPES = YES;
				CLANG_WARN_SUSPICIOUS_MOVE = YES;
				CLANG_WARN_UNGUARDED_AVAILABILITY = YES_AGGRESSIVE;
				CLANG_WARN_UNREACHABLE_CODE = YES;
				CLANG_WARN__DUPLICATE_METHOD_MATCH = YES;
				CODE_SIGN_IDENTITY = "Mac Developer";
				COPY_PHASE_STRIP = NO;
				DEBUG_INFORMATION_FORMAT = dwarf;
				ENABLE_STRICT_OBJC_MSGSEND = YES;
				ENABLE_TESTABILITY = YES;
				GCC_C_LANGUAGE_STANDARD = gnu11;
				GCC_DYNAMIC_NO_PIC = NO;
				GCC_NO_COMMON_BLOCKS = YES;
				GCC_OPTIMIZATION_LEVEL = 0;
				GCC_PREPROCESSOR_DEFINITIONS = (
					"DEBUG=1",
					"$(inherited)",
				);
				GCC_WARN_64_TO_32_BIT_CONVERSION = YES;
				GCC_WARN_ABOUT_RETURN_TYPE = YES_ERROR;
				GCC_WARN_UNDECLARED_SELECTOR = YES;
				GCC_WARN_UNINITIALIZED_AUTOS = YES_AGGRESSIVE;
				GCC_WARN_UNUSED_FUNCTION = YES;
				GCC_WARN_UNUSED_VARIABLE = YES;
				MACOSX_DEPLOYMENT_TARGET = 10.14;
				MTL_ENABLE_DEBUG_INFO = INCLUDE_SOURCE;
				MTL_FAST_MATH = YES;
				ONLY_ACTIVE_ARCH = YES;
				SDKROOT = macosx;
				SWIFT_ACTIVE_COMPILATION_CONDITIONS = DEBUG;
				SWIFT_OPTIMIZATION_LEVEL = "-Onone";
			};
			name = Debug;
		};
		71A5BCCA23305D7800BD0CCA /* Release */ = {
			isa = XCBuildConfiguration;
			buildSettings = {
				ALWAYS_SEARCH_USER_PATHS = NO;
				CLANG_ANALYZER_NONNULL = YES;
				CLANG_ANALYZER_NUMBER_OBJECT_CONVERSION = YES_AGGRESSIVE;
				CLANG_CXX_LANGUAGE_STANDARD = "gnu++14";
				CLANG_CXX_LIBRARY = "libc++";
				CLANG_ENABLE_MODULES = YES;
				CLANG_ENABLE_OBJC_ARC = YES;
				CLANG_ENABLE_OBJC_WEAK = YES;
				CLANG_WARN_BLOCK_CAPTURE_AUTORELEASING = YES;
				CLANG_WARN_BOOL_CONVERSION = YES;
				CLANG_WARN_COMMA = YES;
				CLANG_WARN_CONSTANT_CONVERSION = YES;
				CLANG_WARN_DEPRECATED_OBJC_IMPLEMENTATIONS = YES;
				CLANG_WARN_DIRECT_OBJC_ISA_USAGE = YES_ERROR;
				CLANG_WARN_DOCUMENTATION_COMMENTS = YES;
				CLANG_WARN_EMPTY_BODY = YES;
				CLANG_WARN_ENUM_CONVERSION = YES;
				CLANG_WARN_INFINITE_RECURSION = YES;
				CLANG_WARN_INT_CONVERSION = YES;
				CLANG_WARN_NON_LITERAL_NULL_CONVERSION = YES;
				CLANG_WARN_OBJC_IMPLICIT_RETAIN_SELF = YES;
				CLANG_WARN_OBJC_LITERAL_CONVERSION = YES;
				CLANG_WARN_OBJC_ROOT_CLASS = YES_ERROR;
				CLANG_WARN_RANGE_LOOP_ANALYSIS = YES;
				CLANG_WARN_STRICT_PROTOTYPES = YES;
				CLANG_WARN_SUSPICIOUS_MOVE = YES;
				CLANG_WARN_UNGUARDED_AVAILABILITY = YES_AGGRESSIVE;
				CLANG_WARN_UNREACHABLE_CODE = YES;
				CLANG_WARN__DUPLICATE_METHOD_MATCH = YES;
				CODE_SIGN_IDENTITY = "Mac Developer";
				COPY_PHASE_STRIP = NO;
				DEBUG_INFORMATION_FORMAT = "dwarf-with-dsym";
				ENABLE_NS_ASSERTIONS = NO;
				ENABLE_STRICT_OBJC_MSGSEND = YES;
				GCC_C_LANGUAGE_STANDARD = gnu11;
				GCC_NO_COMMON_BLOCKS = YES;
				GCC_WARN_64_TO_32_BIT_CONVERSION = YES;
				GCC_WARN_ABOUT_RETURN_TYPE = YES_ERROR;
				GCC_WARN_UNDECLARED_SELECTOR = YES;
				GCC_WARN_UNINITIALIZED_AUTOS = YES_AGGRESSIVE;
				GCC_WARN_UNUSED_FUNCTION = YES;
				GCC_WARN_UNUSED_VARIABLE = YES;
				MACOSX_DEPLOYMENT_TARGET = 10.14;
				MTL_ENABLE_DEBUG_INFO = NO;
				MTL_FAST_MATH = YES;
				SDKROOT = macosx;
				SWIFT_COMPILATION_MODE = wholemodule;
				SWIFT_OPTIMIZATION_LEVEL = "-O";
			};
			name = Release;
		};
		71A5BCCC23305D7800BD0CCA /* Debug */ = {
			isa = XCBuildConfiguration;
			buildSettings = {
				CODE_SIGN_STYLE = Automatic;
				DEVELOPMENT_TEAM = 8JJ29QPJ4M;
				PRODUCT_NAME = "$(TARGET_NAME)";
				SWIFT_VERSION = 5.0;
			};
			name = Debug;
		};
		71A5BCCD23305D7800BD0CCA /* Release */ = {
			isa = XCBuildConfiguration;
			buildSettings = {
				CODE_SIGN_STYLE = Automatic;
				DEVELOPMENT_TEAM = 8JJ29QPJ4M;
				PRODUCT_NAME = "$(TARGET_NAME)";
				SWIFT_VERSION = 5.0;
			};
			name = Release;
		};
/* End XCBuildConfiguration section */

/* Begin XCConfigurationList section */
		71A5BCBF23305D7800BD0CCA /* Build configuration list for PBXProject "MultiThread" */ = {
			isa = XCConfigurationList;
			buildConfigurations = (
				71A5BCC923305D7800BD0CCA /* Debug */,
				71A5BCCA23305D7800BD0CCA /* Release */,
			);
			defaultConfigurationIsVisible = 0;
			defaultConfigurationName = Release;
		};
		71A5BCCB23305D7800BD0CCA /* Build configuration list for PBXNativeTarget "MultiThread" */ = {
			isa = XCConfigurationList;
			buildConfigurations = (
				71A5BCCC23305D7800BD0CCA /* Debug */,
				71A5BCCD23305D7800BD0CCA /* Release */,
			);
			defaultConfigurationIsVisible = 0;
			defaultConfigurationName = Release;
		};
/* End XCConfigurationList section */
	};
	rootObject = 71A5BCBC23305D7800BD0CCA /* Project object */;
}
